// !$*UTF8*$!
{
	archiveVersion = 1;
	classes = {
	};
	objectVersion = 55;
	objects = {

/* Begin PBXBuildFile section */
		FAF98776274583EC0027A032 /* diabet2App.swift in Sources */ = {isa = PBXBuildFile; fileRef = FAF98775274583EC0027A032 /* diabet2App.swift */; };
		FAF98778274583EC0027A032 /* ContentView.swift in Sources */ = {isa = PBXBuildFile; fileRef = FAF98777274583EC0027A032 /* ContentView.swift */; };
		FAF9877A274583EE0027A032 /* Assets.xcassets in Resources */ = {isa = PBXBuildFile; fileRef = FAF98779274583EE0027A032 /* Assets.xcassets */; };
		FAF9877D274583EE0027A032 /* Preview Assets.xcassets in Resources */ = {isa = PBXBuildFile; fileRef = FAF9877C274583EE0027A032 /* Preview Assets.xcassets */; };
		FAF98787274583EE0027A032 /* diabet2Tests.swift in Sources */ = {isa = PBXBuildFile; fileRef = FAF98786274583EE0027A032 /* diabet2Tests.swift */; };
		FAF98791274583EE0027A032 /* diabet2UITests.swift in Sources */ = {isa = PBXBuildFile; fileRef = FAF98790274583EE0027A032 /* diabet2UITests.swift */; };
		FAF98793274583EE0027A032 /* diabet2UITestsLaunchTests.swift in Sources */ = {isa = PBXBuildFile; fileRef = FAF98792274583EE0027A032 /* diabet2UITestsLaunchTests.swift */; };
/* End PBXBuildFile section */

/* Begin PBXContainerItemProxy section */
		FAF98783274583EE0027A032 /* PBXContainerItemProxy */ = {
			isa = PBXContainerItemProxy;
			containerPortal = FAF9876A274583EC0027A032 /* Project object */;
			proxyType = 1;
			remoteGlobalIDString = FAF98771274583EC0027A032;
			remoteInfo = diabet2;
		};
		FAF9878D274583EE0027A032 /* PBXContainerItemProxy */ = {
			isa = PBXContainerItemProxy;
			containerPortal = FAF9876A274583EC0027A032 /* Project object */;
			proxyType = 1;
			remoteGlobalIDString = FAF98771274583EC0027A032;
			remoteInfo = diabet2;
		};
/* End PBXContainerItemProxy section */

/* Begin PBXFileReference section */
		FAF98772274583EC0027A032 /* diabet2.app */ = {isa = PBXFileReference; explicitFileType = wrapper.application; includeInIndex = 0; path = diabet2.app; sourceTree = BUILT_PRODUCTS_DIR; };
		FAF98775274583EC0027A032 /* diabet2App.swift */ = {isa = PBXFileReference; lastKnownFileType = sourcecode.swift; path = diabet2App.swift; sourceTree = "<group>"; };
		FAF98777274583EC0027A032 /* ContentView.swift */ = {isa = PBXFileReference; lastKnownFileType = sourcecode.swift; path = ContentView.swift; sourceTree = "<group>"; };
		FAF98779274583EE0027A032 /* Assets.xcassets */ = {isa = PBXFileReference; lastKnownFileType = folder.assetcatalog; path = Assets.xcassets; sourceTree = "<group>"; };
		FAF9877C274583EE0027A032 /* Preview Assets.xcassets */ = {isa = PBXFileReference; lastKnownFileType = folder.assetcatalog; path = "Preview Assets.xcassets"; sourceTree = "<group>"; };
		FAF98782274583EE0027A032 /* diabet2Tests.xctest */ = {isa = PBXFileReference; explicitFileType = wrapper.cfbundle; includeInIndex = 0; path = diabet2Tests.xctest; sourceTree = BUILT_PRODUCTS_DIR; };
		FAF98786274583EE0027A032 /* diabet2Tests.swift */ = {isa = PBXFileReference; lastKnownFileType = sourcecode.swift; path = diabet2Tests.swift; sourceTree = "<group>"; };
		FAF9878C274583EE0027A032 /* diabet2UITests.xctest */ = {isa = PBXFileReference; explicitFileType = wrapper.cfbundle; includeInIndex = 0; path = diabet2UITests.xctest; sourceTree = BUILT_PRODUCTS_DIR; };
		FAF98790274583EE0027A032 /* diabet2UITests.swift */ = {isa = PBXFileReference; lastKnownFileType = sourcecode.swift; path = diabet2UITests.swift; sourceTree = "<group>"; };
		FAF98792274583EE0027A032 /* diabet2UITestsLaunchTests.swift */ = {isa = PBXFileReference; lastKnownFileType = sourcecode.swift; path = diabet2UITestsLaunchTests.swift; sourceTree = "<group>"; };
/* End PBXFileReference section */

/* Begin PBXFrameworksBuildPhase section */
		FAF9876F274583EC0027A032 /* Frameworks */ = {
			isa = PBXFrameworksBuildPhase;
			buildActionMask = 2147483647;
			files = (
			);
			runOnlyForDeploymentPostprocessing = 0;
		};
		FAF9877F274583EE0027A032 /* Frameworks */ = {
			isa = PBXFrameworksBuildPhase;
			buildActionMask = 2147483647;
			files = (
			);
			runOnlyForDeploymentPostprocessing = 0;
		};
		FAF98789274583EE0027A032 /* Frameworks */ = {
			isa = PBXFrameworksBuildPhase;
			buildActionMask = 2147483647;
			files = (
			);
			runOnlyForDeploymentPostprocessing = 0;
		};
/* End PBXFrameworksBuildPhase section */

/* Begin PBXGroup section */
		FAF98769274583EC0027A032 = {
			isa = PBXGroup;
			children = (
				FAF98774274583EC0027A032 /* diabet2 */,
				FAF98785274583EE0027A032 /* diabet2Tests */,
				FAF9878F274583EE0027A032 /* diabet2UITests */,
				FAF98773274583EC0027A032 /* Products */,
			);
			sourceTree = "<group>";
		};
		FAF98773274583EC0027A032 /* Products */ = {
			isa = PBXGroup;
			children = (
				FAF98772274583EC0027A032 /* diabet2.app */,
				FAF98782274583EE0027A032 /* diabet2Tests.xctest */,
				FAF9878C274583EE0027A032 /* diabet2UITests.xctest */,
			);
			name = Products;
			sourceTree = "<group>";
		};
		FAF98774274583EC0027A032 /* diabet2 */ = {
			isa = PBXGroup;
			children = (
				FAF98775274583EC0027A032 /* diabet2App.swift */,
				FAF98777274583EC0027A032 /* ContentView.swift */,
				FAF98779274583EE0027A032 /* Assets.xcassets */,
				FAF9877B274583EE0027A032 /* Preview Content */,
			);
			path = diabet2;
			sourceTree = "<group>";
		};
		FAF9877B274583EE0027A032 /* Preview Content */ = {
			isa = PBXGroup;
			children = (
				FAF9877C274583EE0027A032 /* Preview Assets.xcassets */,
			);
			path = "Preview Content";
			sourceTree = "<group>";
		};
		FAF98785274583EE0027A032 /* diabet2Tests */ = {
			isa = PBXGroup;
			children = (
				FAF98786274583EE0027A032 /* diabet2Tests.swift */,
			);
			path = diabet2Tests;
			sourceTree = "<group>";
		};
		FAF9878F274583EE0027A032 /* diabet2UITests */ = {
			isa = PBXGroup;
			children = (
				FAF98790274583EE0027A032 /* diabet2UITests.swift */,
				FAF98792274583EE0027A032 /* diabet2UITestsLaunchTests.swift */,
			);
			path = diabet2UITests;
			sourceTree = "<group>";
		};
/* End PBXGroup section */

/* Begin PBXNativeTarget section */
		FAF98771274583EC0027A032 /* diabet2 */ = {
			isa = PBXNativeTarget;
			buildConfigurationList = FAF98796274583EE0027A032 /* Build configuration list for PBXNativeTarget "diabet2" */;
			buildPhases = (
				FAF9876E274583EC0027A032 /* Sources */,
				FAF9876F274583EC0027A032 /* Frameworks */,
				FAF98770274583EC0027A032 /* Resources */,
			);
			buildRules = (
			);
			dependencies = (
			);
			name = diabet2;
			productName = diabet2;
			productReference = FAF98772274583EC0027A032 /* diabet2.app */;
			productType = "com.apple.product-type.application";
		};
		FAF98781274583EE0027A032 /* diabet2Tests */ = {
			isa = PBXNativeTarget;
			buildConfigurationList = FAF98799274583EE0027A032 /* Build configuration list for PBXNativeTarget "diabet2Tests" */;
			buildPhases = (
				FAF9877E274583EE0027A032 /* Sources */,
				FAF9877F274583EE0027A032 /* Frameworks */,
				FAF98780274583EE0027A032 /* Resources */,
			);
			buildRules = (
			);
			dependencies = (
				FAF98784274583EE0027A032 /* PBXTargetDependency */,
			);
			name = diabet2Tests;
			productName = diabet2Tests;
			productReference = FAF98782274583EE0027A032 /* diabet2Tests.xctest */;
			productType = "com.apple.product-type.bundle.unit-test";
		};
		FAF9878B274583EE0027A032 /* diabet2UITests */ = {
			isa = PBXNativeTarget;
			buildConfigurationList = FAF9879C274583EE0027A032 /* Build configuration list for PBXNativeTarget "diabet2UITests" */;
			buildPhases = (
				FAF98788274583EE0027A032 /* Sources */,
				FAF98789274583EE0027A032 /* Frameworks */,
				FAF9878A274583EE0027A032 /* Resources */,
			);
			buildRules = (
			);
			dependencies = (
				FAF9878E274583EE0027A032 /* PBXTargetDependency */,
			);
			name = diabet2UITests;
			productName = diabet2UITests;
			productReference = FAF9878C274583EE0027A032 /* diabet2UITests.xctest */;
			productType = "com.apple.product-type.bundle.ui-testing";
		};
/* End PBXNativeTarget section */

/* Begin PBXProject section */
		FAF9876A274583EC0027A032 /* Project object */ = {
			isa = PBXProject;
			attributes = {
				BuildIndependentTargetsInParallel = 1;
				LastSwiftUpdateCheck = 1320;
				LastUpgradeCheck = 1320;
				TargetAttributes = {
					FAF98771274583EC0027A032 = {
						CreatedOnToolsVersion = 13.2;
					};
					FAF98781274583EE0027A032 = {
						CreatedOnToolsVersion = 13.2;
						TestTargetID = FAF98771274583EC0027A032;
					};
					FAF9878B274583EE0027A032 = {
						CreatedOnToolsVersion = 13.2;
						TestTargetID = FAF98771274583EC0027A032;
					};
				};
			};
			buildConfigurationList = FAF9876D274583EC0027A032 /* Build configuration list for PBXProject "diabet2" */;
			compatibilityVersion = "Xcode 13.0";
			developmentRegion = en;
			hasScannedForEncodings = 0;
			knownRegions = (
				en,
				Base,
			);
			mainGroup = FAF98769274583EC0027A032;
			productRefGroup = FAF98773274583EC0027A032 /* Products */;
			projectDirPath = "";
			projectRoot = "";
			targets = (
				FAF98771274583EC0027A032 /* diabet2 */,
				FAF98781274583EE0027A032 /* diabet2Tests */,
				FAF9878B274583EE0027A032 /* diabet2UITests */,
			);
		};
/* End PBXProject section */

/* Begin PBXResourcesBuildPhase section */
		FAF98770274583EC0027A032 /* Resources */ = {
			isa = PBXResourcesBuildPhase;
			buildActionMask = 2147483647;
			files = (
				FAF9877D274583EE0027A032 /* Preview Assets.xcassets in Resources */,
				FAF9877A274583EE0027A032 /* Assets.xcassets in Resources */,
			);
			runOnlyForDeploymentPostprocessing = 0;
		};
		FAF98780274583EE0027A032 /* Resources */ = {
			isa = PBXResourcesBuildPhase;
			buildActionMask = 2147483647;
			files = (
			);
			runOnlyForDeploymentPostprocessing = 0;
		};
		FAF9878A274583EE0027A032 /* Resources */ = {
			isa = PBXResourcesBuildPhase;
			buildActionMask = 2147483647;
			files = (
			);
			runOnlyForDeploymentPostprocessing = 0;
		};
/* End PBXResourcesBuildPhase section */

/* Begin PBXSourcesBuildPhase section */
		FAF9876E274583EC0027A032 /* Sources */ = {
			isa = PBXSourcesBuildPhase;
			buildActionMask = 2147483647;
			files = (
				FAF98778274583EC0027A032 /* ContentView.swift in Sources */,
				FAF98776274583EC0027A032 /* diabet2App.swift in Sources */,
			);
			runOnlyForDeploymentPostprocessing = 0;
		};
		FAF9877E274583EE0027A032 /* Sources */ = {
			isa = PBXSourcesBuildPhase;
			buildActionMask = 2147483647;
			files = (
				FAF98787274583EE0027A032 /* diabet2Tests.swift in Sources */,
			);
			runOnlyForDeploymentPostprocessing = 0;
		};
		FAF98788274583EE0027A032 /* Sources */ = {
			isa = PBXSourcesBuildPhase;
			buildActionMask = 2147483647;
			files = (
				FAF98793274583EE0027A032 /* diabet2UITestsLaunchTests.swift in Sources */,
				FAF98791274583EE0027A032 /* diabet2UITests.swift in Sources */,
			);
			runOnlyForDeploymentPostprocessing = 0;
		};
/* End PBXSourcesBuildPhase section */

/* Begin PBXTargetDependency section */
		FAF98784274583EE0027A032 /* PBXTargetDependency */ = {
			isa = PBXTargetDependency;
			target = FAF98771274583EC0027A032 /* diabet2 */;
			targetProxy = FAF98783274583EE0027A032 /* PBXContainerItemProxy */;
		};
		FAF9878E274583EE0027A032 /* PBXTargetDependency */ = {
			isa = PBXTargetDependency;
			target = FAF98771274583EC0027A032 /* diabet2 */;
			targetProxy = FAF9878D274583EE0027A032 /* PBXContainerItemProxy */;
		};
/* End PBXTargetDependency section */

/* Begin XCBuildConfiguration section */
		FAF98794274583EE0027A032 /* Debug */ = {
			isa = XCBuildConfiguration;
			buildSettings = {
				ALWAYS_SEARCH_USER_PATHS = NO;
				CLANG_ANALYZER_NONNULL = YES;
				CLANG_ANALYZER_NUMBER_OBJECT_CONVERSION = YES_AGGRESSIVE;
				CLANG_CXX_LANGUAGE_STANDARD = "gnu++17";
				CLANG_CXX_LIBRARY = "libc++";
				CLANG_ENABLE_MODULES = YES;
				CLANG_ENABLE_OBJC_ARC = YES;
				CLANG_ENABLE_OBJC_WEAK = YES;
				CLANG_WARN_BLOCK_CAPTURE_AUTORELEASING = YES;
				CLANG_WARN_BOOL_CONVERSION = YES;
				CLANG_WARN_COMMA = YES;
				CLANG_WARN_CONSTANT_CONVERSION = YES;
				CLANG_WARN_DEPRECATED_OBJC_IMPLEMENTATIONS = YES;
				CLANG_WARN_DIRECT_OBJC_ISA_USAGE = YES_ERROR;
				CLANG_WARN_DOCUMENTATION_COMMENTS = YES;
				CLANG_WARN_EMPTY_BODY = YES;
				CLANG_WARN_ENUM_CONVERSION = YES;
				CLANG_WARN_INFINITE_RECURSION = YES;
				CLANG_WARN_INT_CONVERSION = YES;
				CLANG_WARN_NON_LITERAL_NULL_CONVERSION = YES;
				CLANG_WARN_OBJC_IMPLICIT_RETAIN_SELF = YES;
				CLANG_WARN_OBJC_LITERAL_CONVERSION = YES;
				CLANG_WARN_OBJC_ROOT_CLASS = YES_ERROR;
				CLANG_WARN_QUOTED_INCLUDE_IN_FRAMEWORK_HEADER = YES;
				CLANG_WARN_RANGE_LOOP_ANALYSIS = YES;
				CLANG_WARN_STRICT_PROTOTYPES = YES;
				CLANG_WARN_SUSPICIOUS_MOVE = YES;
				CLANG_WARN_UNGUARDED_AVAILABILITY = YES_AGGRESSIVE;
				CLANG_WARN_UNREACHABLE_CODE = YES;
				CLANG_WARN__DUPLICATE_METHOD_MATCH = YES;
				COPY_PHASE_STRIP = NO;
				DEBUG_INFORMATION_FORMAT = dwarf;
				ENABLE_STRICT_OBJC_MSGSEND = YES;
				ENABLE_TESTABILITY = YES;
				GCC_C_LANGUAGE_STANDARD = gnu11;
				GCC_DYNAMIC_NO_PIC = NO;
				GCC_NO_COMMON_BLOCKS = YES;
				GCC_OPTIMIZATION_LEVEL = 0;
				GCC_PREPROCESSOR_DEFINITIONS = (
					"DEBUG=1",
					"$(inherited)",
				);
				GCC_WARN_64_TO_32_BIT_CONVERSION = YES;
				GCC_WARN_ABOUT_RETURN_TYPE = YES_ERROR;
				GCC_WARN_UNDECLARED_SELECTOR = YES;
				GCC_WARN_UNINITIALIZED_AUTOS = YES_AGGRESSIVE;
				GCC_WARN_UNUSED_FUNCTION = YES;
				GCC_WARN_UNUSED_VARIABLE = YES;
				IPHONEOS_DEPLOYMENT_TARGET = 15.2;
				MTL_ENABLE_DEBUG_INFO = INCLUDE_SOURCE;
				MTL_FAST_MATH = YES;
				ONLY_ACTIVE_ARCH = YES;
				SDKROOT = iphoneos;
				SWIFT_ACTIVE_COMPILATION_CONDITIONS = DEBUG;
				SWIFT_OPTIMIZATION_LEVEL = "-Onone";
			};
			name = Debug;
		};
		FAF98795274583EE0027A032 /* Release */ = {
			isa = XCBuildConfiguration;
			buildSettings = {
				ALWAYS_SEARCH_USER_PATHS = NO;
				CLANG_ANALYZER_NONNULL = YES;
				CLANG_ANALYZER_NUMBER_OBJECT_CONVERSION = YES_AGGRESSIVE;
				CLANG_CXX_LANGUAGE_STANDARD = "gnu++17";
				CLANG_CXX_LIBRARY = "libc++";
				CLANG_ENABLE_MODULES = YES;
				CLANG_ENABLE_OBJC_ARC = YES;
				CLANG_ENABLE_OBJC_WEAK = YES;
				CLANG_WARN_BLOCK_CAPTURE_AUTORELEASING = YES;
				CLANG_WARN_BOOL_CONVERSION = YES;
				CLANG_WARN_COMMA = YES;
				CLANG_WARN_CONSTANT_CONVERSION = YES;
				CLANG_WARN_DEPRECATED_OBJC_IMPLEMENTATIONS = YES;
				CLANG_WARN_DIRECT_OBJC_ISA_USAGE = YES_ERROR;
				CLANG_WARN_DOCUMENTATION_COMMENTS = YES;
				CLANG_WARN_EMPTY_BODY = YES;
				CLANG_WARN_ENUM_CONVERSION = YES;
				CLANG_WARN_INFINITE_RECURSION = YES;
				CLANG_WARN_INT_CONVERSION = YES;
				CLANG_WARN_NON_LITERAL_NULL_CONVERSION = YES;
				CLANG_WARN_OBJC_IMPLICIT_RETAIN_SELF = YES;
				CLANG_WARN_OBJC_LITERAL_CONVERSION = YES;
				CLANG_WARN_OBJC_ROOT_CLASS = YES_ERROR;
				CLANG_WARN_QUOTED_INCLUDE_IN_FRAMEWORK_HEADER = YES;
				CLANG_WARN_RANGE_LOOP_ANALYSIS = YES;
				CLANG_WARN_STRICT_PROTOTYPES = YES;
				CLANG_WARN_SUSPICIOUS_MOVE = YES;
				CLANG_WARN_UNGUARDED_AVAILABILITY = YES_AGGRESSIVE;
				CLANG_WARN_UNREACHABLE_CODE = YES;
				CLANG_WARN__DUPLICATE_METHOD_MATCH = YES;
				COPY_PHASE_STRIP = NO;
				DEBUG_INFORMATION_FORMAT = "dwarf-with-dsym";
				ENABLE_NS_ASSERTIONS = NO;
				ENABLE_STRICT_OBJC_MSGSEND = YES;
				GCC_C_LANGUAGE_STANDARD = gnu11;
				GCC_NO_COMMON_BLOCKS = YES;
				GCC_WARN_64_TO_32_BIT_CONVERSION = YES;
				GCC_WARN_ABOUT_RETURN_TYPE = YES_ERROR;
				GCC_WARN_UNDECLARED_SELECTOR = YES;
				GCC_WARN_UNINITIALIZED_AUTOS = YES_AGGRESSIVE;
				GCC_WARN_UNUSED_FUNCTION = YES;
				GCC_WARN_UNUSED_VARIABLE = YES;
				IPHONEOS_DEPLOYMENT_TARGET = 15.2;
				MTL_ENABLE_DEBUG_INFO = NO;
				MTL_FAST_MATH = YES;
				SDKROOT = iphoneos;
				SWIFT_COMPILATION_MODE = wholemodule;
				SWIFT_OPTIMIZATION_LEVEL = "-O";
				VALIDATE_PRODUCT = YES;
			};
			name = Release;
		};
		FAF98797274583EE0027A032 /* Debug */ = {
			isa = XCBuildConfiguration;
			buildSettings = {
				ASSETCATALOG_COMPILER_APPICON_NAME = AppIcon;
				ASSETCATALOG_COMPILER_GLOBAL_ACCENT_COLOR_NAME = AccentColor;
				CODE_SIGN_STYLE = Automatic;
				CURRENT_PROJECT_VERSION = 1;
				DEVELOPMENT_ASSET_PATHS = "\"diabet2/Preview Content\"";
				DEVELOPMENT_TEAM = HYG857Z4NU;
				ENABLE_PREVIEWS = YES;
				GENERATE_INFOPLIST_FILE = YES;
				INFOPLIST_KEY_UIApplicationSceneManifest_Generation = YES;
				INFOPLIST_KEY_UIApplicationSupportsIndirectInputEvents = YES;
				INFOPLIST_KEY_UILaunchScreen_Generation = YES;
				INFOPLIST_KEY_UISupportedInterfaceOrientations_iPad = "UIInterfaceOrientationPortrait UIInterfaceOrientationPortraitUpsideDown UIInterfaceOrientationLandscapeLeft UIInterfaceOrientationLandscapeRight";
				INFOPLIST_KEY_UISupportedInterfaceOrientations_iPhone = "UIInterfaceOrientationPortrait UIInterfaceOrientationLandscapeLeft UIInterfaceOrientationLandscapeRight";
				LD_RUNPATH_SEARCH_PATHS = (
					"$(inherited)",
					"@executable_path/Frameworks",
				);
				MARKETING_VERSION = 1.0;
				PRODUCT_BUNDLE_IDENTIFIER = com.alexey.diabet2;
				PRODUCT_NAME = "$(TARGET_NAME)";
				SWIFT_EMIT_LOC_STRINGS = YES;
				SWIFT_VERSION = 5.0;
				TARGETED_DEVICE_FAMILY = "1,2";
			};
			name = Debug;
		};
		FAF98798274583EE0027A032 /* Release */ = {
			isa = XCBuildConfiguration;
			buildSettings = {
				ASSETCATALOG_COMPILER_APPICON_NAME = AppIcon;
				ASSETCATALOG_COMPILER_GLOBAL_ACCENT_COLOR_NAME = AccentColor;
				CODE_SIGN_STYLE = Automatic;
				CURRENT_PROJECT_VERSION = 1;
				DEVELOPMENT_ASSET_PATHS = "\"diabet2/Preview Content\"";
				DEVELOPMENT_TEAM = HYG857Z4NU;
				ENABLE_PREVIEWS = YES;
				GENERATE_INFOPLIST_FILE = YES;
				INFOPLIST_KEY_UIApplicationSceneManifest_Generation = YES;
				INFOPLIST_KEY_UIApplicationSupportsIndirectInputEvents = YES;
				INFOPLIST_KEY_UILaunchScreen_Generation = YES;
				INFOPLIST_KEY_UISupportedInterfaceOrientations_iPad = "UIInterfaceOrientationPortrait UIInterfaceOrientationPortraitUpsideDown UIInterfaceOrientationLandscapeLeft UIInterfaceOrientationLandscapeRight";
				INFOPLIST_KEY_UISupportedInterfaceOrientations_iPhone = "UIInterfaceOrientationPortrait UIInterfaceOrientationLandscapeLeft UIInterfaceOrientationLandscapeRight";
				LD_RUNPATH_SEARCH_PATHS = (
					"$(inherited)",
					"@executable_path/Frameworks",
				);
				MARKETING_VERSION = 1.0;
				PRODUCT_BUNDLE_IDENTIFIER = com.alexey.diabet2;
				PRODUCT_NAME = "$(TARGET_NAME)";
				SWIFT_EMIT_LOC_STRINGS = YES;
				SWIFT_VERSION = 5.0;
				TARGETED_DEVICE_FAMILY = "1,2";
			};
			name = Release;
		};
		FAF9879A274583EE0027A032 /* Debug */ = {
			isa = XCBuildConfiguration;
			buildSettings = {
				ALWAYS_EMBED_SWIFT_STANDARD_LIBRARIES = YES;
				BUNDLE_LOADER = "$(TEST_HOST)";
				CODE_SIGN_STYLE = Automatic;
				CURRENT_PROJECT_VERSION = 1;
				DEVELOPMENT_TEAM = HYG857Z4NU;
				GENERATE_INFOPLIST_FILE = YES;
				IPHONEOS_DEPLOYMENT_TARGET = 15.2;
				MARKETING_VERSION = 1.0;
				PRODUCT_BUNDLE_IDENTIFIER = com.alexey.diabet2Tests;
				PRODUCT_NAME = "$(TARGET_NAME)";
				SWIFT_EMIT_LOC_STRINGS = NO;
				SWIFT_VERSION = 5.0;
				TARGETED_DEVICE_FAMILY = "1,2";
				TEST_HOST = "$(BUILT_PRODUCTS_DIR)/diabet2.app/diabet2";
			};
			name = Debug;
		};
		FAF9879B274583EE0027A032 /* Release */ = {
			isa = XCBuildConfiguration;
			buildSettings = {
				ALWAYS_EMBED_SWIFT_STANDARD_LIBRARIES = YES;
				BUNDLE_LOADER = "$(TEST_HOST)";
				CODE_SIGN_STYLE = Automatic;
				CURRENT_PROJECT_VERSION = 1;
				DEVELOPMENT_TEAM = HYG857Z4NU;
				GENERATE_INFOPLIST_FILE = YES;
				IPHONEOS_DEPLOYMENT_TARGET = 15.2;
				MARKETING_VERSION = 1.0;
				PRODUCT_BUNDLE_IDENTIFIER = com.alexey.diabet2Tests;
				PRODUCT_NAME = "$(TARGET_NAME)";
				SWIFT_EMIT_LOC_STRINGS = NO;
				SWIFT_VERSION = 5.0;
				TARGETED_DEVICE_FAMILY = "1,2";
				TEST_HOST = "$(BUILT_PRODUCTS_DIR)/diabet2.app/diabet2";
			};
			name = Release;
		};
		FAF9879D274583EE0027A032 /* Debug */ = {
			isa = XCBuildConfiguration;
			buildSettings = {
				ALWAYS_EMBED_SWIFT_STANDARD_LIBRARIES = YES;
				CODE_SIGN_STYLE = Automatic;
				CURRENT_PROJECT_VERSION = 1;
				DEVELOPMENT_TEAM = HYG857Z4NU;
				GENERATE_INFOPLIST_FILE = YES;
				MARKETING_VERSION = 1.0;
				PRODUCT_BUNDLE_IDENTIFIER = com.alexey.diabet2UITests;
				PRODUCT_NAME = "$(TARGET_NAME)";
				SWIFT_EMIT_LOC_STRINGS = NO;
				SWIFT_VERSION = 5.0;
				TARGETED_DEVICE_FAMILY = "1,2";
				TEST_TARGET_NAME = diabet2;
			};
			name = Debug;
		};
		FAF9879E274583EE0027A032 /* Release */ = {
			isa = XCBuildConfiguration;
			buildSettings = {
				ALWAYS_EMBED_SWIFT_STANDARD_LIBRARIES = YES;
				CODE_SIGN_STYLE = Automatic;
				CURRENT_PROJECT_VERSION = 1;
				DEVELOPMENT_TEAM = HYG857Z4NU;
				GENERATE_INFOPLIST_FILE = YES;
				MARKETING_VERSION = 1.0;
				PRODUCT_BUNDLE_IDENTIFIER = com.alexey.diabet2UITests;
				PRODUCT_NAME = "$(TARGET_NAME)";
				SWIFT_EMIT_LOC_STRINGS = NO;
				SWIFT_VERSION = 5.0;
				TARGETED_DEVICE_FAMILY = "1,2";
				TEST_TARGET_NAME = diabet2;
			};
			name = Release;
		};
/* End XCBuildConfiguration section */

/* Begin XCConfigurationList section */
		FAF9876D274583EC0027A032 /* Build configuration list for PBXProject "diabet2" */ = {
			isa = XCConfigurationList;
			buildConfigurations = (
				FAF98794274583EE0027A032 /* Debug */,
				FAF98795274583EE0027A032 /* Release */,
			);
			defaultConfigurationIsVisible = 0;
			defaultConfigurationName = Release;
		};
		FAF98796274583EE0027A032 /* Build configuration list for PBXNativeTarget "diabet2" */ = {
			isa = XCConfigurationList;
			buildConfigurations = (
				FAF98797274583EE0027A032 /* Debug */,
				FAF98798274583EE0027A032 /* Release */,
			);
			defaultConfigurationIsVisible = 0;
			defaultConfigurationName = Release;
		};
		FAF98799274583EE0027A032 /* Build configuration list for PBXNativeTarget "diabet2Tests" */ = {
			isa = XCConfigurationList;
			buildConfigurations = (
				FAF9879A274583EE0027A032 /* Debug */,
				FAF9879B274583EE0027A032 /* Release */,
			);
			defaultConfigurationIsVisible = 0;
			defaultConfigurationName = Release;
		};
		FAF9879C274583EE0027A032 /* Build configuration list for PBXNativeTarget "diabet2UITests" */ = {
			isa = XCConfigurationList;
			buildConfigurations = (
				FAF9879D274583EE0027A032 /* Debug */,
				FAF9879E274583EE0027A032 /* Release */,
			);
			defaultConfigurationIsVisible = 0;
			defaultConfigurationName = Release;
		};
/* End XCConfigurationList section */
	};
	rootObject = FAF9876A274583EC0027A032 /* Project object */;
}
